
Microsoft Visual Studio Solution File, Format Version 11.00
# Visual Studio 2010
Project("{FAE04EC0-301F-11D3-BF4B-00C04F79EFBC}") = "CipherLib_ex3", "CipherLib_ex3\CipherLib_ex3.csproj", "{F1E72F7A-B83F-4137-8078-6A9810D7251B}"
EndProject
Global
	GlobalSection(SolutionConfigurationPlatforms) = preSolution
		Debug|x86 = Debug|x86
		Release|x86 = Release|x86
	EndGlobalSection
	GlobalSection(ProjectConfigurationPlatforms) = postSolution
		{F1E72F7A-B83F-4137-8078-6A9810D7251B}.Debug|x86.ActiveCfg = Debug|x86
		{F1E72F7A-B83F-4137-8078-6A9810D7251B}.Debug|x86.Build.0 = Debug|x86
		{F1E72F7A-B83F-4137-8078-6A9810D7251B}.Release|x86.ActiveCfg = Release|x86
		{F1E72F7A-B83F-4137-8078-6A9810D7251B}.Release|x86.Build.0 = Release|x86
	EndGlobalSection
	GlobalSection(SolutionProperties) = preSolution
		HideSolutionNode = FALSE
	EndGlobalSection
EndGlobal
